
Microsoft Visual Studio Solution File, Format Version 12.00
# Visual Studio Version 16
VisualStudioVersion = 16.0.30204.135
MinimumVisualStudioVersion = 10.0.40219.1
Project("{FAE04EC0-301F-11D3-BF4B-00C04F79EFBC}") = "sample_7_7", "sample_7_7\sample_7_7.csproj", "{22D5F98D-9DF2-4181-B2DD-7CEC5C4D5BA2}"
EndProject
Global
	GlobalSection(SolutionConfigurationPlatforms) = preSolution
		Debug|Any CPU = Debug|Any CPU
		Release|Any CPU = Release|Any CPU
	EndGlobalSection
	GlobalSection(ProjectConfigurationPlatforms) = postSolution
		{22D5F98D-9DF2-4181-B2DD-7CEC5C4D5BA2}.Debug|Any CPU.ActiveCfg = Debug|Any CPU
		{22D5F98D-9DF2-4181-B2DD-7CEC5C4D5BA2}.Debug|Any CPU.Build.0 = Debug|Any CPU
		{22D5F98D-9DF2-4181-B2DD-7CEC5C4D5BA2}.Release|Any CPU.ActiveCfg = Release|Any CPU
		{22D5F98D-9DF2-4181-B2DD-7CEC5C4D5BA2}.Release|Any CPU.Build.0 = Release|Any CPU
	EndGlobalSection
	GlobalSection(SolutionProperties) = preSolution
		HideSolutionNode = FALSE
	EndGlobalSection
	GlobalSection(ExtensibilityGlobals) = postSolution
		SolutionGuid = {4105A045-40EB-47A2-AA63-9F3BD653C0F0}
	EndGlobalSection
EndGlobal
